
Microsoft Visual Studio Solution File, Format Version 12.00
# Visual Studio Version 17
VisualStudioVersion = 17.0.31912.275
MinimumVisualStudioVersion = 10.0.40219.1
Project("{9A19103F-16F7-4668-BE54-9A1E7A4F7556}") = "PieShop", "PieShop.csproj", "{4E0907DF-52DE-4A07-AB32-6D78F90CD709}"
EndProject
Global
	GlobalSection(SolutionConfigurationPlatforms) = preSolution
		Debug|Any CPU = Debug|Any CPU
		Release|Any CPU = Release|Any CPU
	EndGlobalSection
	GlobalSection(ProjectConfigurationPlatforms) = postSolution
		{4E0907DF-52DE-4A07-AB32-6D78F90CD709}.Debug|Any CPU.ActiveCfg = Debug|Any CPU
		{4E0907DF-52DE-4A07-AB32-6D78F90CD709}.Debug|Any CPU.Build.0 = Debug|Any CPU
		{4E0907DF-52DE-4A07-AB32-6D78F90CD709}.Release|Any CPU.ActiveCfg = Release|Any CPU
		{4E0907DF-52DE-4A07-AB32-6D78F90CD709}.Release|Any CPU.Build.0 = Release|Any CPU
	EndGlobalSection
	GlobalSection(SolutionProperties) = preSolution
		HideSolutionNode = FALSE
	EndGlobalSection
	GlobalSection(ExtensibilityGlobals) = postSolution
		SolutionGuid = {AE6C17EB-60D0-45DB-9780-7032D022F8CC}
	EndGlobalSection
EndGlobal
